// !$*UTF8*$!
{
	archiveVersion = 1;
	classes = {
	};
	objectVersion = 50;
	objects = {

/* Begin PBXBuildFile section */
		C46C521A22A2C553007496E2 /* sample.pdf in Resources */ = {isa = PBXBuildFile; fileRef = C46C521922A2C553007496E2 /* sample.pdf */; };
		C46C521C22A2C7D0007496E2 /* Asset.xcassets in Resources */ = {isa = PBXBuildFile; fileRef = C46C521B22A2C7D0007496E2 /* Asset.xcassets */; };
		C46C521E22A2CA5D007496E2 /* SinglePDFPageViewController.swift in Sources */ = {isa = PBXBuildFile; fileRef = C46C521D22A2CA5D007496E2 /* SinglePDFPageViewController.swift */; };
		C46C522022A2D6FE007496E2 /* EditPDFViewController.swift in Sources */ = {isa = PBXBuildFile; fileRef = C46C521F22A2D6FE007496E2 /* EditPDFViewController.swift */; };
		C46C522722A2D9FA007496E2 /* MBSinglePagePDFGenerator.swift in Sources */ = {isa = PBXBuildFile; fileRef = C46C522222A2D9FA007496E2 /* MBSinglePagePDFGenerator.swift */; };
		C46C522822A2D9FA007496E2 /* MBPDFAnnotationView.swift in Sources */ = {isa = PBXBuildFile; fileRef = C46C522322A2D9FA007496E2 /* MBPDFAnnotationView.swift */; };
		C46C522922A2D9FA007496E2 /* MBPDFGenerator.swift in Sources */ = {isa = PBXBuildFile; fileRef = C46C522422A2D9FA007496E2 /* MBPDFGenerator.swift */; };
		C46C522A22A2D9FA007496E2 /* MBPDFAnnotationImage.swift in Sources */ = {isa = PBXBuildFile; fileRef = C46C522522A2D9FA007496E2 /* MBPDFAnnotationImage.swift */; };
		C46C522B22A2D9FA007496E2 /* MBPDFError.swift in Sources */ = {isa = PBXBuildFile; fileRef = C46C522622A2D9FA007496E2 /* MBPDFError.swift */; };
		FD4A1202229CD905001026C9 /* AppDelegate.swift in Sources */ = {isa = PBXBuildFile; fileRef = FD4A1201229CD905001026C9 /* AppDelegate.swift */; };
		FD4A1204229CD905001026C9 /* MultiPagePDFViewController.swift in Sources */ = {isa = PBXBuildFile; fileRef = FD4A1203229CD905001026C9 /* MultiPagePDFViewController.swift */; };
		FD4A1207229CD905001026C9 /* Main.storyboard in Resources */ = {isa = PBXBuildFile; fileRef = FD4A1205229CD905001026C9 /* Main.storyboard */; };
		FD4A120C229CD906001026C9 /* LaunchScreen.storyboard in Resources */ = {isa = PBXBuildFile; fileRef = FD4A120A229CD906001026C9 /* LaunchScreen.storyboard */; };
		FD85EE5E229E362500174F02 /* WebViewController.swift in Sources */ = {isa = PBXBuildFile; fileRef = FD85EE5D229E362500174F02 /* WebViewController.swift */; };
/* End PBXBuildFile section */

/* Begin PBXFileReference section */
		C46C521922A2C553007496E2 /* sample.pdf */ = {isa = PBXFileReference; lastKnownFileType = image.pdf; path = sample.pdf; sourceTree = "<group>"; };
		C46C521B22A2C7D0007496E2 /* Asset.xcassets */ = {isa = PBXFileReference; lastKnownFileType = folder.assetcatalog; path = Asset.xcassets; sourceTree = "<group>"; };
		C46C521D22A2CA5D007496E2 /* SinglePDFPageViewController.swift */ = {isa = PBXFileReference; lastKnownFileType = sourcecode.swift; path = SinglePDFPageViewController.swift; sourceTree = "<group>"; };
		C46C521F22A2D6FE007496E2 /* EditPDFViewController.swift */ = {isa = PBXFileReference; lastKnownFileType = sourcecode.swift; path = EditPDFViewController.swift; sourceTree = "<group>"; };
		C46C522222A2D9FA007496E2 /* MBSinglePagePDFGenerator.swift */ = {isa = PBXFileReference; fileEncoding = 4; lastKnownFileType = sourcecode.swift; path = MBSinglePagePDFGenerator.swift; sourceTree = "<group>"; };
		C46C522322A2D9FA007496E2 /* MBPDFAnnotationView.swift */ = {isa = PBXFileReference; fileEncoding = 4; lastKnownFileType = sourcecode.swift; path = MBPDFAnnotationView.swift; sourceTree = "<group>"; };
		C46C522422A2D9FA007496E2 /* MBPDFGenerator.swift */ = {isa = PBXFileReference; fileEncoding = 4; lastKnownFileType = sourcecode.swift; path = MBPDFGenerator.swift; sourceTree = "<group>"; };
		C46C522522A2D9FA007496E2 /* MBPDFAnnotationImage.swift */ = {isa = PBXFileReference; fileEncoding = 4; lastKnownFileType = sourcecode.swift; path = MBPDFAnnotationImage.swift; sourceTree = "<group>"; };
		C46C522622A2D9FA007496E2 /* MBPDFError.swift */ = {isa = PBXFileReference; fileEncoding = 4; lastKnownFileType = sourcecode.swift; path = MBPDFError.swift; sourceTree = "<group>"; };
		FD4A11FE229CD905001026C9 /* MBPDFGeneratorDemo.app */ = {isa = PBXFileReference; explicitFileType = wrapper.application; includeInIndex = 0; path = MBPDFGeneratorDemo.app; sourceTree = BUILT_PRODUCTS_DIR; };
		FD4A1201229CD905001026C9 /* AppDelegate.swift */ = {isa = PBXFileReference; lastKnownFileType = sourcecode.swift; path = AppDelegate.swift; sourceTree = "<group>"; };
		FD4A1203229CD905001026C9 /* MultiPagePDFViewController.swift */ = {isa = PBXFileReference; lastKnownFileType = sourcecode.swift; path = MultiPagePDFViewController.swift; sourceTree = "<group>"; };
		FD4A1206229CD905001026C9 /* Base */ = {isa = PBXFileReference; lastKnownFileType = file.storyboard; name = Base; path = Base.lproj/Main.storyboard; sourceTree = "<group>"; };
		FD4A120B229CD906001026C9 /* Base */ = {isa = PBXFileReference; lastKnownFileType = file.storyboard; name = Base; path = Base.lproj/LaunchScreen.storyboard; sourceTree = "<group>"; };
		FD4A120D229CD906001026C9 /* Info.plist */ = {isa = PBXFileReference; lastKnownFileType = text.plist.xml; path = Info.plist; sourceTree = "<group>"; };
		FD85EE5D229E362500174F02 /* WebViewController.swift */ = {isa = PBXFileReference; lastKnownFileType = sourcecode.swift; path = WebViewController.swift; sourceTree = "<group>"; };
/* End PBXFileReference section */

/* Begin PBXFrameworksBuildPhase section */
		FD4A11FB229CD905001026C9 /* Frameworks */ = {
			isa = PBXFrameworksBuildPhase;
			buildActionMask = 2147483647;
			files = (
			);
			runOnlyForDeploymentPostprocessing = 0;
		};
/* End PBXFrameworksBuildPhase section */

/* Begin PBXGroup section */
		C46C522122A2D9FA007496E2 /* Source */ = {
			isa = PBXGroup;
			children = (
				C46C522222A2D9FA007496E2 /* MBSinglePagePDFGenerator.swift */,
				C46C522322A2D9FA007496E2 /* MBPDFAnnotationView.swift */,
				C46C522422A2D9FA007496E2 /* MBPDFGenerator.swift */,
				C46C522522A2D9FA007496E2 /* MBPDFAnnotationImage.swift */,
				C46C522622A2D9FA007496E2 /* MBPDFError.swift */,
			);
			path = Source;
			sourceTree = "<group>";
		};
		FD4A11F5229CD905001026C9 = {
			isa = PBXGroup;
			children = (
				C46C522122A2D9FA007496E2 /* Source */,
				FD4A1200229CD905001026C9 /* MBPDFGeneratorDemo */,
				FD4A11FF229CD905001026C9 /* Products */,
			);
			sourceTree = "<group>";
		};
		FD4A11FF229CD905001026C9 /* Products */ = {
			isa = PBXGroup;
			children = (
				FD4A11FE229CD905001026C9 /* MBPDFGeneratorDemo.app */,
			);
			name = Products;
			sourceTree = "<group>";
		};
		FD4A1200229CD905001026C9 /* MBPDFGeneratorDemo */ = {
			isa = PBXGroup;
			children = (
				FD4A1201229CD905001026C9 /* AppDelegate.swift */,
				C46C521D22A2CA5D007496E2 /* SinglePDFPageViewController.swift */,
				FD4A1203229CD905001026C9 /* MultiPagePDFViewController.swift */,
				C46C521F22A2D6FE007496E2 /* EditPDFViewController.swift */,
				FD85EE5D229E362500174F02 /* WebViewController.swift */,
				C46C521922A2C553007496E2 /* sample.pdf */,
				FD4A1205229CD905001026C9 /* Main.storyboard */,
				FD4A120A229CD906001026C9 /* LaunchScreen.storyboard */,
				FD4A120D229CD906001026C9 /* Info.plist */,
				C46C521B22A2C7D0007496E2 /* Asset.xcassets */,
			);
			path = MBPDFGeneratorDemo;
			sourceTree = "<group>";
		};
/* End PBXGroup section */

/* Begin PBXNativeTarget section */
		FD4A11FD229CD905001026C9 /* MBPDFGeneratorDemo */ = {
			isa = PBXNativeTarget;
			buildConfigurationList = FD4A1210229CD906001026C9 /* Build configuration list for PBXNativeTarget "MBPDFGeneratorDemo" */;
			buildPhases = (
				FD4A11FA229CD905001026C9 /* Sources */,
				FD4A11FB229CD905001026C9 /* Frameworks */,
				FD4A11FC229CD905001026C9 /* Resources */,
			);
			buildRules = (
			);
			dependencies = (
			);
			name = MBPDFGeneratorDemo;
			productName = PDFGenerator;
			productReference = FD4A11FE229CD905001026C9 /* MBPDFGeneratorDemo.app */;
			productType = "com.apple.product-type.application";
		};
/* End PBXNativeTarget section */

/* Begin PBXProject section */
		FD4A11F6229CD905001026C9 /* Project object */ = {
			isa = PBXProject;
			attributes = {
				LastSwiftUpdateCheck = 1010;
				LastUpgradeCheck = 1010;
				ORGANIZATIONNAME = Manish;
				TargetAttributes = {
					FD4A11FD229CD905001026C9 = {
						CreatedOnToolsVersion = 10.1;
						LastSwiftMigration = 1020;
					};
				};
			};
			buildConfigurationList = FD4A11F9229CD905001026C9 /* Build configuration list for PBXProject "MBPDFGeneratorDemo" */;
			compatibilityVersion = "Xcode 9.3";
			developmentRegion = en;
			hasScannedForEncodings = 0;
			knownRegions = (
				en,
				Base,
			);
			mainGroup = FD4A11F5229CD905001026C9;
			productRefGroup = FD4A11FF229CD905001026C9 /* Products */;
			projectDirPath = "";
			projectRoot = "";
			targets = (
				FD4A11FD229CD905001026C9 /* MBPDFGeneratorDemo */,
			);
		};
/* End PBXProject section */

/* Begin PBXResourcesBuildPhase section */
		FD4A11FC229CD905001026C9 /* Resources */ = {
			isa = PBXResourcesBuildPhase;
			buildActionMask = 2147483647;
			files = (
				C46C521A22A2C553007496E2 /* sample.pdf in Resources */,
				FD4A120C229CD906001026C9 /* LaunchScreen.storyboard in Resources */,
				C46C521C22A2C7D0007496E2 /* Asset.xcassets in Resources */,
				FD4A1207229CD905001026C9 /* Main.storyboard in Resources */,
			);
			runOnlyForDeploymentPostprocessing = 0;
		};
/* End PBXResourcesBuildPhase section */

/* Begin PBXSourcesBuildPhase section */
		FD4A11FA229CD905001026C9 /* Sources */ = {
			isa = PBXSourcesBuildPhase;
			buildActionMask = 2147483647;
			files = (
				FD4A1204229CD905001026C9 /* MultiPagePDFViewController.swift in Sources */,
				FD4A1202229CD905001026C9 /* AppDelegate.swift in Sources */,
				C46C522722A2D9FA007496E2 /* MBSinglePagePDFGenerator.swift in Sources */,
				C46C521E22A2CA5D007496E2 /* SinglePDFPageViewController.swift in Sources */,
				FD85EE5E229E362500174F02 /* WebViewController.swift in Sources */,
				C46C522A22A2D9FA007496E2 /* MBPDFAnnotationImage.swift in Sources */,
				C46C522B22A2D9FA007496E2 /* MBPDFError.swift in Sources */,
				C46C522822A2D9FA007496E2 /* MBPDFAnnotationView.swift in Sources */,
				C46C522022A2D6FE007496E2 /* EditPDFViewController.swift in Sources */,
				C46C522922A2D9FA007496E2 /* MBPDFGenerator.swift in Sources */,
			);
			runOnlyForDeploymentPostprocessing = 0;
		};
/* End PBXSourcesBuildPhase section */

/* Begin PBXVariantGroup section */
		FD4A1205229CD905001026C9 /* Main.storyboard */ = {
			isa = PBXVariantGroup;
			children = (
				FD4A1206229CD905001026C9 /* Base */,
			);
			name = Main.storyboard;
			sourceTree = "<group>";
		};
		FD4A120A229CD906001026C9 /* LaunchScreen.storyboard */ = {
			isa = PBXVariantGroup;
			children = (
				FD4A120B229CD906001026C9 /* Base */,
			);
			name = LaunchScreen.storyboard;
			sourceTree = "<group>";
		};
/* End PBXVariantGroup section */

/* Begin XCBuildConfiguration section */
		FD4A120E229CD906001026C9 /* Debug */ = {
			isa = XCBuildConfiguration;
			buildSettings = {
				ALWAYS_SEARCH_USER_PATHS = NO;
				CLANG_ANALYZER_NONNULL = YES;
				CLANG_ANALYZER_NUMBER_OBJECT_CONVERSION = YES_AGGRESSIVE;
				CLANG_CXX_LANGUAGE_STANDARD = "gnu++14";
				CLANG_CXX_LIBRARY = "libc++";
				CLANG_ENABLE_MODULES = YES;
				CLANG_ENABLE_OBJC_ARC = YES;
				CLANG_ENABLE_OBJC_WEAK = YES;
				CLANG_WARN_BLOCK_CAPTURE_AUTORELEASING = YES;
				CLANG_WARN_BOOL_CONVERSION = YES;
				CLANG_WARN_COMMA = YES;
				CLANG_WARN_CONSTANT_CONVERSION = YES;
				CLANG_WARN_DEPRECATED_OBJC_IMPLEMENTATIONS = YES;
				CLANG_WARN_DIRECT_OBJC_ISA_USAGE = YES_ERROR;
				CLANG_WARN_DOCUMENTATION_COMMENTS = YES;
				CLANG_WARN_EMPTY_BODY = YES;
				CLANG_WARN_ENUM_CONVERSION = YES;
				CLANG_WARN_INFINITE_RECURSION = YES;
				CLANG_WARN_INT_CONVERSION = YES;
				CLANG_WARN_NON_LITERAL_NULL_CONVERSION = YES;
				CLANG_WARN_OBJC_IMPLICIT_RETAIN_SELF = YES;
				CLANG_WARN_OBJC_LITERAL_CONVERSION = YES;
				CLANG_WARN_OBJC_ROOT_CLASS = YES_ERROR;
				CLANG_WARN_RANGE_LOOP_ANALYSIS = YES;
				CLANG_WARN_STRICT_PROTOTYPES = YES;
				CLANG_WARN_SUSPICIOUS_MOVE = YES;
				CLANG_WARN_UNGUARDED_AVAILABILITY = YES_AGGRESSIVE;
				CLANG_WARN_UNREACHABLE_CODE = YES;
				CLANG_WARN__DUPLICATE_METHOD_MATCH = YES;
				CODE_SIGN_IDENTITY = "iPhone Developer";
				COPY_PHASE_STRIP = NO;
				DEBUG_INFORMATION_FORMAT = dwarf;
				ENABLE_STRICT_OBJC_MSGSEND = YES;
				ENABLE_TESTABILITY = YES;
				GCC_C_LANGUAGE_STANDARD = gnu11;
				GCC_DYNAMIC_NO_PIC = NO;
				GCC_NO_COMMON_BLOCKS = YES;
				GCC_OPTIMIZATION_LEVEL = 0;
				GCC_PREPROCESSOR_DEFINITIONS = (
					"DEBUG=1",
					"$(inherited)",
				);
				GCC_WARN_64_TO_32_BIT_CONVERSION = YES;
				GCC_WARN_ABOUT_RETURN_TYPE = YES_ERROR;
				GCC_WARN_UNDECLARED_SELECTOR = YES;
				GCC_WARN_UNINITIALIZED_AUTOS = YES_AGGRESSIVE;
				GCC_WARN_UNUSED_FUNCTION = YES;
				GCC_WARN_UNUSED_VARIABLE = YES;
				IPHONEOS_DEPLOYMENT_TARGET = 10.0;
				MTL_ENABLE_DEBUG_INFO = INCLUDE_SOURCE;
				MTL_FAST_MATH = YES;
				ONLY_ACTIVE_ARCH = YES;
				SDKROOT = iphoneos;
				SWIFT_ACTIVE_COMPILATION_CONDITIONS = DEBUG;
				SWIFT_OPTIMIZATION_LEVEL = "-Onone";
			};
			name = Debug;
		};
		FD4A120F229CD906001026C9 /* Release */ = {
			isa = XCBuildConfiguration;
			buildSettings = {
				ALWAYS_SEARCH_USER_PATHS = NO;
				CLANG_ANALYZER_NONNULL = YES;
				CLANG_ANALYZER_NUMBER_OBJECT_CONVERSION = YES_AGGRESSIVE;
				CLANG_CXX_LANGUAGE_STANDARD = "gnu++14";
				CLANG_CXX_LIBRARY = "libc++";
				CLANG_ENABLE_MODULES = YES;
				CLANG_ENABLE_OBJC_ARC = YES;
				CLANG_ENABLE_OBJC_WEAK = YES;
				CLANG_WARN_BLOCK_CAPTURE_AUTORELEASING = YES;
				CLANG_WARN_BOOL_CONVERSION = YES;
				CLANG_WARN_COMMA = YES;
				CLANG_WARN_CONSTANT_CONVERSION = YES;
				CLANG_WARN_DEPRECATED_OBJC_IMPLEMENTATIONS = YES;
				CLANG_WARN_DIRECT_OBJC_ISA_USAGE = YES_ERROR;
				CLANG_WARN_DOCUMENTATION_COMMENTS = YES;
				CLANG_WARN_EMPTY_BODY = YES;
				CLANG_WARN_ENUM_CONVERSION = YES;
				CLANG_WARN_INFINITE_RECURSION = YES;
				CLANG_WARN_INT_CONVERSION = YES;
				CLANG_WARN_NON_LITERAL_NULL_CONVERSION = YES;
				CLANG_WARN_OBJC_IMPLICIT_RETAIN_SELF = YES;
				CLANG_WARN_OBJC_LITERAL_CONVERSION = YES;
				CLANG_WARN_OBJC_ROOT_CLASS = YES_ERROR;
				CLANG_WARN_RANGE_LOOP_ANALYSIS = YES;
				CLANG_WARN_STRICT_PROTOTYPES = YES;
				CLANG_WARN_SUSPICIOUS_MOVE = YES;
				CLANG_WARN_UNGUARDED_AVAILABILITY = YES_AGGRESSIVE;
				CLANG_WARN_UNREACHABLE_CODE = YES;
				CLANG_WARN__DUPLICATE_METHOD_MATCH = YES;
				CODE_SIGN_IDENTITY = "iPhone Developer";
				COPY_PHASE_STRIP = NO;
				DEBUG_INFORMATION_FORMAT = "dwarf-with-dsym";
				ENABLE_NS_ASSERTIONS = NO;
				ENABLE_STRICT_OBJC_MSGSEND = YES;
				GCC_C_LANGUAGE_STANDARD = gnu11;
				GCC_NO_COMMON_BLOCKS = YES;
				GCC_WARN_64_TO_32_BIT_CONVERSION = YES;
				GCC_WARN_ABOUT_RETURN_TYPE = YES_ERROR;
				GCC_WARN_UNDECLARED_SELECTOR = YES;
				GCC_WARN_UNINITIALIZED_AUTOS = YES_AGGRESSIVE;
				GCC_WARN_UNUSED_FUNCTION = YES;
				GCC_WARN_UNUSED_VARIABLE = YES;
				IPHONEOS_DEPLOYMENT_TARGET = 10.0;
				MTL_ENABLE_DEBUG_INFO = NO;
				MTL_FAST_MATH = YES;
				SDKROOT = iphoneos;
				SWIFT_COMPILATION_MODE = wholemodule;
				SWIFT_OPTIMIZATION_LEVEL = "-O";
				VALIDATE_PRODUCT = YES;
			};
			name = Release;
		};
		FD4A1211229CD906001026C9 /* Debug */ = {
			isa = XCBuildConfiguration;
			buildSettings = {
				ASSETCATALOG_COMPILER_APPICON_NAME = AppIcon;
				CODE_SIGN_STYLE = Automatic;
				INFOPLIST_FILE = MBPDFGeneratorDemo/Info.plist;
				IPHONEOS_DEPLOYMENT_TARGET = 10.0;
				LD_RUNPATH_SEARCH_PATHS = (
					"$(inherited)",
					"@executable_path/Frameworks",
				);
				PRODUCT_BUNDLE_IDENTIFIER = manish.MBPDFGenerator;
				PRODUCT_NAME = "$(TARGET_NAME)";
				SWIFT_VERSION = 5.0;
				TARGETED_DEVICE_FAMILY = "1,2";
			};
			name = Debug;
		};
		FD4A1212229CD906001026C9 /* Release */ = {
			isa = XCBuildConfiguration;
			buildSettings = {
				ASSETCATALOG_COMPILER_APPICON_NAME = AppIcon;
				CODE_SIGN_STYLE = Automatic;
				INFOPLIST_FILE = MBPDFGeneratorDemo/Info.plist;
				IPHONEOS_DEPLOYMENT_TARGET = 10.0;
				LD_RUNPATH_SEARCH_PATHS = (
					"$(inherited)",
					"@executable_path/Frameworks",
				);
				PRODUCT_BUNDLE_IDENTIFIER = manish.MBPDFGenerator;
				PRODUCT_NAME = "$(TARGET_NAME)";
				SWIFT_VERSION = 5.0;
				TARGETED_DEVICE_FAMILY = "1,2";
			};
			name = Release;
		};
/* End XCBuildConfiguration section */

/* Begin XCConfigurationList section */
		FD4A11F9229CD905001026C9 /* Build configuration list for PBXProject "MBPDFGeneratorDemo" */ = {
			isa = XCConfigurationList;
			buildConfigurations = (
				FD4A120E229CD906001026C9 /* Debug */,
				FD4A120F229CD906001026C9 /* Release */,
			);
			defaultConfigurationIsVisible = 0;
			defaultConfigurationName = Release;
		};
		FD4A1210229CD906001026C9 /* Build configuration list for PBXNativeTarget "MBPDFGeneratorDemo" */ = {
			isa = XCConfigurationList;
			buildConfigurations = (
				FD4A1211229CD906001026C9 /* Debug */,
				FD4A1212229CD906001026C9 /* Release */,
			);
			defaultConfigurationIsVisible = 0;
			defaultConfigurationName = Release;
		};
/* End XCConfigurationList section */
	};
	rootObject = FD4A11F6229CD905001026C9 /* Project object */;
}
